
Microsoft Visual Studio Solution File, Format Version 12.00
# Visual Studio 14
VisualStudioVersion = 14.0.25420.1
MinimumVisualStudioVersion = 10.0.40219.1
Project("{FAE04EC0-301F-11D3-BF4B-00C04F79EFBC}") = "MoonLux", "MoonLux\MoonLux.csproj", "{9496D3F1-1CA6-4DF9-AD50-9F5A313F77AD}"
EndProject
Project("{FAE04EC0-301F-11D3-BF4B-00C04F79EFBC}") = "Snitched 3.0", "Snitched 3.0\Snitched 3.0.csproj", "{0E68CC41-4B0A-4575-890F-D8FC41B462FB}"
EndProject
Project("{FAE04EC0-301F-11D3-BF4B-00C04F79EFBC}") = "AlwaysVisible", "AlwaysVisible\AlwaysVisible.csproj", "{EE0D8D61-9D33-4C91-99DC-48A0773A4F60}"
EndProject
Project("{FAE04EC0-301F-11D3-BF4B-00C04F79EFBC}") = "Cupcake", "Cupcake\Cupcake.csproj", "{BAB015A0-649C-4EA2-96EC-C01703B0C63B}"
EndProject
Project("{FAE04EC0-301F-11D3-BF4B-00C04F79EFBC}") = "MoonExperience", "MoonExperience\MoonExperience.csproj", "{A1E26660-5ACF-4B32-9202-026E74C14B3C}"
EndProject
Project("{FAE04EC0-301F-11D3-BF4B-00C04F79EFBC}") = "ElementBot", "ElementBot\ElementBot.csproj", "{1FC9EDB6-46AE-46D9-9EC2-A30EBFD19EEF}"
EndProject
Project("{FAE04EC0-301F-11D3-BF4B-00C04F79EFBC}") = "Eat My Cass", "Eat My Cass\Eat My Cass.csproj", "{60971ADB-6F06-4B1A-9729-696DA5828700}"
EndProject
Project("{FAE04EC0-301F-11D3-BF4B-00C04F79EFBC}") = "FPSBooster", "FPSBooster\FPSBooster.csproj", "{7B9B322A-2EC8-46C7-8BFC-43CC2E7186F3}"
EndProject
Global
	GlobalSection(SolutionConfigurationPlatforms) = preSolution
		Debug|Any CPU = Debug|Any CPU
		Release|Any CPU = Release|Any CPU
	EndGlobalSection
	GlobalSection(ProjectConfigurationPlatforms) = postSolution
		{9496D3F1-1CA6-4DF9-AD50-9F5A313F77AD}.Debug|Any CPU.ActiveCfg = Debug|Any CPU
		{9496D3F1-1CA6-4DF9-AD50-9F5A313F77AD}.Debug|Any CPU.Build.0 = Debug|Any CPU
		{9496D3F1-1CA6-4DF9-AD50-9F5A313F77AD}.Release|Any CPU.ActiveCfg = Release|Any CPU
		{9496D3F1-1CA6-4DF9-AD50-9F5A313F77AD}.Release|Any CPU.Build.0 = Release|Any CPU
		{0E68CC41-4B0A-4575-890F-D8FC41B462FB}.Debug|Any CPU.ActiveCfg = Debug|Any CPU
		{0E68CC41-4B0A-4575-890F-D8FC41B462FB}.Debug|Any CPU.Build.0 = Debug|Any CPU
		{0E68CC41-4B0A-4575-890F-D8FC41B462FB}.Release|Any CPU.ActiveCfg = Release|Any CPU
		{0E68CC41-4B0A-4575-890F-D8FC41B462FB}.Release|Any CPU.Build.0 = Release|Any CPU
		{EE0D8D61-9D33-4C91-99DC-48A0773A4F60}.Debug|Any CPU.ActiveCfg = Debug|Any CPU
		{EE0D8D61-9D33-4C91-99DC-48A0773A4F60}.Debug|Any CPU.Build.0 = Debug|Any CPU
		{EE0D8D61-9D33-4C91-99DC-48A0773A4F60}.Release|Any CPU.ActiveCfg = Release|Any CPU
		{EE0D8D61-9D33-4C91-99DC-48A0773A4F60}.Release|Any CPU.Build.0 = Release|Any CPU
		{BAB015A0-649C-4EA2-96EC-C01703B0C63B}.Debug|Any CPU.ActiveCfg = Debug|Any CPU
		{BAB015A0-649C-4EA2-96EC-C01703B0C63B}.Debug|Any CPU.Build.0 = Debug|Any CPU
		{BAB015A0-649C-4EA2-96EC-C01703B0C63B}.Release|Any CPU.ActiveCfg = Release|Any CPU
		{BAB015A0-649C-4EA2-96EC-C01703B0C63B}.Release|Any CPU.Build.0 = Release|Any CPU
		{A1E26660-5ACF-4B32-9202-026E74C14B3C}.Debug|Any CPU.ActiveCfg = Debug|Any CPU
		{A1E26660-5ACF-4B32-9202-026E74C14B3C}.Debug|Any CPU.Build.0 = Debug|Any CPU
		{A1E26660-5ACF-4B32-9202-026E74C14B3C}.Release|Any CPU.ActiveCfg = Release|Any CPU
		{A1E26660-5ACF-4B32-9202-026E74C14B3C}.Release|Any CPU.Build.0 = Release|Any CPU
		{1FC9EDB6-46AE-46D9-9EC2-A30EBFD19EEF}.Debug|Any CPU.ActiveCfg = Debug|Any CPU
		{1FC9EDB6-46AE-46D9-9EC2-A30EBFD19EEF}.Debug|Any CPU.Build.0 = Debug|Any CPU
		{1FC9EDB6-46AE-46D9-9EC2-A30EBFD19EEF}.Release|Any CPU.ActiveCfg = Release|Any CPU
		{1FC9EDB6-46AE-46D9-9EC2-A30EBFD19EEF}.Release|Any CPU.Build.0 = Release|Any CPU
		{60971ADB-6F06-4B1A-9729-696DA5828700}.Debug|Any CPU.ActiveCfg = Debug|Any CPU
		{60971ADB-6F06-4B1A-9729-696DA5828700}.Debug|Any CPU.Build.0 = Debug|Any CPU
		{60971ADB-6F06-4B1A-9729-696DA5828700}.Release|Any CPU.ActiveCfg = Release|Any CPU
		{60971ADB-6F06-4B1A-9729-696DA5828700}.Release|Any CPU.Build.0 = Release|Any CPU
		{7B9B322A-2EC8-46C7-8BFC-43CC2E7186F3}.Debug|Any CPU.ActiveCfg = Debug|Any CPU
		{7B9B322A-2EC8-46C7-8BFC-43CC2E7186F3}.Debug|Any CPU.Build.0 = Debug|Any CPU
		{7B9B322A-2EC8-46C7-8BFC-43CC2E7186F3}.Release|Any CPU.ActiveCfg = Release|Any CPU
		{7B9B322A-2EC8-46C7-8BFC-43CC2E7186F3}.Release|Any CPU.Build.0 = Release|Any CPU
	EndGlobalSection
	GlobalSection(SolutionProperties) = preSolution
		HideSolutionNode = FALSE
	EndGlobalSection
EndGlobal
