
Microsoft Visual Studio Solution File, Format Version 12.00
# Visual Studio 14
VisualStudioVersion = 14.0.23107.0
MinimumVisualStudioVersion = 10.0.40219.1
Project("{FAE04EC0-301F-11D3-BF4B-00C04F79EFBC}") = "MoonLux", "MoonLux\MoonLux.csproj", "{9496D3F1-1CA6-4DF9-AD50-9F5A313F77AD}"
EndProject
Project("{FAE04EC0-301F-11D3-BF4B-00C04F79EFBC}") = "Snitched 3.0", "Snitched 3.0\Snitched 3.0.csproj", "{0E68CC41-4B0A-4575-890F-D8FC41B462FB}"
EndProject
Global
	GlobalSection(SolutionConfigurationPlatforms) = preSolution
		Debug|Any CPU = Debug|Any CPU
		Release|Any CPU = Release|Any CPU
	EndGlobalSection
	GlobalSection(ProjectConfigurationPlatforms) = postSolution
		{9496D3F1-1CA6-4DF9-AD50-9F5A313F77AD}.Debug|Any CPU.ActiveCfg = Debug|Any CPU
		{9496D3F1-1CA6-4DF9-AD50-9F5A313F77AD}.Debug|Any CPU.Build.0 = Debug|Any CPU
		{9496D3F1-1CA6-4DF9-AD50-9F5A313F77AD}.Release|Any CPU.ActiveCfg = Release|Any CPU
		{9496D3F1-1CA6-4DF9-AD50-9F5A313F77AD}.Release|Any CPU.Build.0 = Release|Any CPU
		{0E68CC41-4B0A-4575-890F-D8FC41B462FB}.Debug|Any CPU.ActiveCfg = Debug|Any CPU
		{0E68CC41-4B0A-4575-890F-D8FC41B462FB}.Debug|Any CPU.Build.0 = Debug|Any CPU
		{0E68CC41-4B0A-4575-890F-D8FC41B462FB}.Release|Any CPU.ActiveCfg = Release|Any CPU
		{0E68CC41-4B0A-4575-890F-D8FC41B462FB}.Release|Any CPU.Build.0 = Release|Any CPU
	EndGlobalSection
	GlobalSection(SolutionProperties) = preSolution
		HideSolutionNode = FALSE
	EndGlobalSection
EndGlobal
